Microsoft Visual Studio Solution File, Format Version 12.00
# Visual Studio Version 17
VisualStudioVersion = 17.5.2.0
MinimumVisualStudioVersion = 10.0.40219.1
Project("{FAE04EC0-301F-11D3-BF4B-00C04F79EFBC}") = "Chapter2Exercises", "Chapter2Exercises.csproj", "{449E981B-8254-6BB9-CF26-C855C017108B}"
EndProject
Global
	GlobalSection(SolutionConfigurationPlatforms) = preSolution
		Debug|Any CPU = Debug|Any CPU
		Release|Any CPU = Release|Any CPU
	EndGlobalSection
	GlobalSection(ProjectConfigurationPlatforms) = postSolution
		{449E981B-8254-6BB9-CF26-C855C017108B}.Debug|Any CPU.ActiveCfg = Debug|Any CPU
		{449E981B-8254-6BB9-CF26-C855C017108B}.Debug|Any CPU.Build.0 = Debug|Any CPU
		{449E981B-8254-6BB9-CF26-C855C017108B}.Release|Any CPU.ActiveCfg = Release|Any CPU
		{449E981B-8254-6BB9-CF26-C855C017108B}.Release|Any CPU.Build.0 = Release|Any CPU
	EndGlobalSection
	GlobalSection(SolutionProperties) = preSolution
		HideSolutionNode = FALSE
	EndGlobalSection
	GlobalSection(ExtensibilityGlobals) = postSolution
		SolutionGuid = {1C07F7DC-FBD5-4BF0-BCC2-81C8F0B33C47}
	EndGlobalSection
EndGlobal
